
Microsoft Visual Studio Solution File, Format Version 12.00
# Visual Studio Version 17
VisualStudioVersion = 17.4.33122.133
MinimumVisualStudioVersion = 10.0.40219.1
Project("{FAE04EC0-301F-11D3-BF4B-00C04F79EFBC}") = "TDD", "TDD\TDD.csproj", "{106D996D-0100-4ACC-9D00-F942512136C1}"
EndProject
Project("{2150E333-8FDC-42A3-9474-1A3956D46DE8}") = "Tests", "Tests", "{0E851EBB-1E8C-44CE-A3C3-3253F4E67E14}"
EndProject
Project("{2150E333-8FDC-42A3-9474-1A3956D46DE8}") = "Unit", "Unit", "{3D9F91AA-3726-44A1-8C95-58E340CFF9E4}"
EndProject
Project("{FAE04EC0-301F-11D3-BF4B-00C04F79EFBC}") = "TDD.Tests", "TDD.Tests\TDD.Tests.csproj", "{0804BF22-5061-4DB4-8197-A558512E1655}"
EndProject
Project("{2150E333-8FDC-42A3-9474-1A3956D46DE8}") = "Integration", "Integration", "{927A635A-CDD6-42CD-A1E4-85BAD65DB79C}"
EndProject
Project("{FAE04EC0-301F-11D3-BF4B-00C04F79EFBC}") = "TDD.Integration.Tests", "TDD.Integration.Tests\TDD.Integration.Tests.csproj", "{09B8A029-DA45-42E6-A49D-3E3CFBB092F1}"
EndProject
Global
	GlobalSection(SolutionConfigurationPlatforms) = preSolution
		Debug|Any CPU = Debug|Any CPU
		Release|Any CPU = Release|Any CPU
	EndGlobalSection
	GlobalSection(ProjectConfigurationPlatforms) = postSolution
		{106D996D-0100-4ACC-9D00-F942512136C1}.Debug|Any CPU.ActiveCfg = Debug|Any CPU
		{106D996D-0100-4ACC-9D00-F942512136C1}.Debug|Any CPU.Build.0 = Debug|Any CPU
		{106D996D-0100-4ACC-9D00-F942512136C1}.Release|Any CPU.ActiveCfg = Release|Any CPU
		{106D996D-0100-4ACC-9D00-F942512136C1}.Release|Any CPU.Build.0 = Release|Any CPU
		{0804BF22-5061-4DB4-8197-A558512E1655}.Debug|Any CPU.ActiveCfg = Debug|Any CPU
		{0804BF22-5061-4DB4-8197-A558512E1655}.Debug|Any CPU.Build.0 = Debug|Any CPU
		{0804BF22-5061-4DB4-8197-A558512E1655}.Release|Any CPU.ActiveCfg = Release|Any CPU
		{0804BF22-5061-4DB4-8197-A558512E1655}.Release|Any CPU.Build.0 = Release|Any CPU
		{09B8A029-DA45-42E6-A49D-3E3CFBB092F1}.Debug|Any CPU.ActiveCfg = Debug|Any CPU
		{09B8A029-DA45-42E6-A49D-3E3CFBB092F1}.Debug|Any CPU.Build.0 = Debug|Any CPU
		{09B8A029-DA45-42E6-A49D-3E3CFBB092F1}.Release|Any CPU.ActiveCfg = Release|Any CPU
		{09B8A029-DA45-42E6-A49D-3E3CFBB092F1}.Release|Any CPU.Build.0 = Release|Any CPU
	EndGlobalSection
	GlobalSection(SolutionProperties) = preSolution
		HideSolutionNode = FALSE
	EndGlobalSection
	GlobalSection(NestedProjects) = preSolution
		{3D9F91AA-3726-44A1-8C95-58E340CFF9E4} = {0E851EBB-1E8C-44CE-A3C3-3253F4E67E14}
		{0804BF22-5061-4DB4-8197-A558512E1655} = {3D9F91AA-3726-44A1-8C95-58E340CFF9E4}
		{927A635A-CDD6-42CD-A1E4-85BAD65DB79C} = {0E851EBB-1E8C-44CE-A3C3-3253F4E67E14}
		{09B8A029-DA45-42E6-A49D-3E3CFBB092F1} = {927A635A-CDD6-42CD-A1E4-85BAD65DB79C}
	EndGlobalSection
	GlobalSection(ExtensibilityGlobals) = postSolution
		SolutionGuid = {9B64DC16-3E3E-4BA4-988F-1247A1A60393}
	EndGlobalSection
EndGlobal
